
Microsoft Visual Studio Solution File, Format Version 12.00
# Visual Studio Version 16
VisualStudioVersion = 16.0.31402.337
MinimumVisualStudioVersion = 10.0.40219.1
Project("{FAE04EC0-301F-11D3-BF4B-00C04F79EFBC}") = "WPF1_POE", "WPF1_POE.csproj", "{0487A2F0-DA0D-4285-BDFB-D3517886DCB7}"
EndProject
Global
	GlobalSection(SolutionConfigurationPlatforms) = preSolution
		Debug|Any CPU = Debug|Any CPU
		Release|Any CPU = Release|Any CPU
	EndGlobalSection
	GlobalSection(ProjectConfigurationPlatforms) = postSolution
		{0487A2F0-DA0D-4285-BDFB-D3517886DCB7}.Debug|Any CPU.ActiveCfg = Debug|Any CPU
		{0487A2F0-DA0D-4285-BDFB-D3517886DCB7}.Debug|Any CPU.Build.0 = Debug|Any CPU
		{0487A2F0-DA0D-4285-BDFB-D3517886DCB7}.Release|Any CPU.ActiveCfg = Release|Any CPU
		{0487A2F0-DA0D-4285-BDFB-D3517886DCB7}.Release|Any CPU.Build.0 = Release|Any CPU
	EndGlobalSection
	GlobalSection(SolutionProperties) = preSolution
		HideSolutionNode = FALSE
	EndGlobalSection
	GlobalSection(ExtensibilityGlobals) = postSolution
		SolutionGuid = {E353668D-7C2E-4746-86C3-E29E28FD3D24}
	EndGlobalSection
EndGlobal
